
Microsoft Visual Studio Solution File, Format Version 12.00
# Visual Studio Version 17
VisualStudioVersion = 17.8.34525.116
MinimumVisualStudioVersion = 10.0.40219.1
Project("{9A19103F-16F7-4668-BE54-9A1E7A4F7556}") = "BethanyPieShopHRMApp", "BethanyPieShopHRMApp\BethanyPieShopHRMApp.csproj", "{EE81BE13-2D06-41DD-B1DC-262405844E90}"
EndProject
Project("{9A19103F-16F7-4668-BE54-9A1E7A4F7556}") = "BethanyPieShopHRMApp.Tests", "BethanyPieShopHRMApp.Tests\BethanyPieShopHRMApp.Tests.csproj", "{9EAEDFBD-3E69-45D3-99F3-0C28F598EFE9}"
EndProject
Global
	GlobalSection(SolutionConfigurationPlatforms) = preSolution
		Debug|Any CPU = Debug|Any CPU
		Release|Any CPU = Release|Any CPU
	EndGlobalSection
	GlobalSection(ProjectConfigurationPlatforms) = postSolution
		{EE81BE13-2D06-41DD-B1DC-262405844E90}.Debug|Any CPU.ActiveCfg = Debug|Any CPU
		{EE81BE13-2D06-41DD-B1DC-262405844E90}.Debug|Any CPU.Build.0 = Debug|Any CPU
		{EE81BE13-2D06-41DD-B1DC-262405844E90}.Release|Any CPU.ActiveCfg = Release|Any CPU
		{EE81BE13-2D06-41DD-B1DC-262405844E90}.Release|Any CPU.Build.0 = Release|Any CPU
		{9EAEDFBD-3E69-45D3-99F3-0C28F598EFE9}.Debug|Any CPU.ActiveCfg = Debug|Any CPU
		{9EAEDFBD-3E69-45D3-99F3-0C28F598EFE9}.Debug|Any CPU.Build.0 = Debug|Any CPU
		{9EAEDFBD-3E69-45D3-99F3-0C28F598EFE9}.Release|Any CPU.ActiveCfg = Release|Any CPU
		{9EAEDFBD-3E69-45D3-99F3-0C28F598EFE9}.Release|Any CPU.Build.0 = Release|Any CPU
	EndGlobalSection
	GlobalSection(SolutionProperties) = preSolution
		HideSolutionNode = FALSE
	EndGlobalSection
	GlobalSection(ExtensibilityGlobals) = postSolution
		SolutionGuid = {E67829C3-B8A0-42D3-8335-C92949EC29C4}
	EndGlobalSection
EndGlobal
